
Microsoft Visual Studio Solution File, Format Version 12.00
# Visual Studio Version 16
VisualStudioVersion = 16.0.31205.134
MinimumVisualStudioVersion = 10.0.40219.1
Project("{FAE04EC0-301F-11D3-BF4B-00C04F79EFBC}") = "Elections", "Выборы\Elections.csproj", "{496A78CA-1643-4A01-AAE3-C9066232B22F}"
EndProject
Project("{FAE04EC0-301F-11D3-BF4B-00C04F79EFBC}") = "ВыборыTests", "ВыборыTests\ВыборыTests.csproj", "{BA6A81A6-53B5-4B1A-B59E-139ADF43E865}"
EndProject
Global
	GlobalSection(SolutionConfigurationPlatforms) = preSolution
		Debug|Any CPU = Debug|Any CPU
		Release|Any CPU = Release|Any CPU
	EndGlobalSection
	GlobalSection(ProjectConfigurationPlatforms) = postSolution
		{496A78CA-1643-4A01-AAE3-C9066232B22F}.Debug|Any CPU.ActiveCfg = Debug|Any CPU
		{496A78CA-1643-4A01-AAE3-C9066232B22F}.Debug|Any CPU.Build.0 = Debug|Any CPU
		{496A78CA-1643-4A01-AAE3-C9066232B22F}.Release|Any CPU.ActiveCfg = Release|Any CPU
		{496A78CA-1643-4A01-AAE3-C9066232B22F}.Release|Any CPU.Build.0 = Release|Any CPU
		{BA6A81A6-53B5-4B1A-B59E-139ADF43E865}.Debug|Any CPU.ActiveCfg = Debug|Any CPU
		{BA6A81A6-53B5-4B1A-B59E-139ADF43E865}.Debug|Any CPU.Build.0 = Debug|Any CPU
		{BA6A81A6-53B5-4B1A-B59E-139ADF43E865}.Release|Any CPU.ActiveCfg = Release|Any CPU
		{BA6A81A6-53B5-4B1A-B59E-139ADF43E865}.Release|Any CPU.Build.0 = Release|Any CPU
	EndGlobalSection
	GlobalSection(SolutionProperties) = preSolution
		HideSolutionNode = FALSE
	EndGlobalSection
	GlobalSection(ExtensibilityGlobals) = postSolution
		SolutionGuid = {04E83EE6-0CBD-455C-8C8F-AE6B46832B1A}
	EndGlobalSection
EndGlobal
